{
    "_meta": {
        "hash": {
            "sha256": "e2784e818bc0ef3b4af6226883da98745437b05561b11e46d04c29ddedd71808"
        },
        "pipfile-spec": 6,
        "requires": {
            "python_version": "3.6"
        },
        "sources": [
            {
                "name": "pypi",
                "url": "https://pypi.org/simple",
                "verify_ssl": true
            }
        ]
    },
    "default": {
        "atomicwrites": {
            "hashes": [
                "sha256:0312ad34fcad8fac3704d441f7b317e50af620823353ec657a53e981f92920c0",
                "sha256:ec9ae8adaae229e4f8446952d204a3e4b5fdd2d099f9be3aaf556120135fb3ee"
            ],
            "version": "==1.2.1"
        },
        "click": {
            "hashes": [
                "sha256:cc6a19da8ebff6e7074f731447ef7e112bd23adf3de5c597cf9989f2fd8defe9",
                "sha256:fcf697e1fd4b567d817c69dab10a4035937fe6af175c05fd6806b69f74cbc6c4"
            ],
            "index": "pypi",
            "version": "==6.6"
        },
        "click-log": {
            "hashes": [
                "sha256:420695bf6f76a2edac514dca02e09fc4604a5e475f527f8a28033d9074c770a7",
                "sha256:dc6275b7d8f87512a22d9806ccc845f474825edd82ad37925a36ba156c887570"
            ],
            "index": "pypi",
            "version": "==0.1.4"
        },
        "click-threading": {
            "hashes": [
                "sha256:85045457e02f16fba3110dc6b16e980bf3e65433808da2b550dd513206d9b94a",
                "sha256:a6e7b9202b555dd50ae5cab07728978c863f3c9add006719c19c7ebf73b8e811"
            ],
            "index": "pypi",
            "version": "==0.1.2"
        },
        "hatchbuck": {
            "hashes": [
                "sha256:1ff6e9b01acf46cbab8e80c800ea2a506c68059c75b243bce93b409048b1998d"
            ],
            "index": "pypi",
            "version": "==1.0.7"
        },
        "oauthlib": {
            "hashes": [
                "sha256:ef4bfe4663ca3b97a995860c0173b967ebd98033d02f38c9e1b2cbb6c191d9ad"
            ],
            "index": "pypi",
            "version": "==1.0.3"
        },
        "phonenumbers": {
            "hashes": [
                "sha256:536a0616b3cf2e84dbaa1a7b837704a91a585dd78d1c4ebdb7698e8715a1a31a",
                "sha256:cd03748c15619ada0d03ac4a9e30b1b58f14b81ac641ea1c023636c25bd4cb3b"
            ],
            "index": "pypi",
            "version": "==8.9.7"
        },
        "pycountry": {
            "hashes": [
                "sha256:195d8174fd6f98f45622d2885826091fc8b2168184422dac574311073ab8386c",
                "sha256:7f2aa2529c60f6575af3cd644688b201b97016822ce0ce1c4bcc0f7d08900997",
                "sha256:ea38f839e719be54dfae1b089cbf1917add6ff8f43a55533d8c7c5799656a848"
            ],
            "index": "pypi",
            "version": "==18.5.26"
        },
        "python-dateutil": {
            "hashes": [
                "sha256:1adb80e7a782c12e52ef9a8182bebeb73f1d7e24e374397af06fb4956c8dc5c0",
                "sha256:e27001de32f627c22380a688bcc43ce83504a7bc5da472209b4c70f02829f0b8"
            ],
            "version": "==2.7.3"
        },
        "python-dotenv": {
            "hashes": [
                "sha256:122290a38ece9fe4f162dc7c95cae3357b983505830a154d3c98ef7f6c6cea77",
                "sha256:4a205787bc829233de2a823aa328e44fd9996fedb954989a21f1fc67c13d7a77"
            ],
            "index": "pypi",
            "version": "==0.9.1"
        },
        "requests": {
            "hashes": [
                "sha256:113fbba5531a9e34945b7d36b33a084e8ba5d0664b703c81a7c572d91919a5b8",
                "sha256:c577815dd00f1394203fc44eb979724b098f88264a9ef898ee45b8e5e9cf587f"
            ],
            "index": "pypi",
            "version": "==2.9.1"
        },
        "requests-oauthlib": {
            "hashes": [
                "sha256:7c708e8e2a4aa6a905cf91f28420d75db37270e0ec8fc951915c098dd8bde53e",
                "sha256:905306080ec0cc6b3c65c8101f471fccfdb9994c16dd116524fd3fc0790d46d7"
            ],
            "index": "pypi",
            "version": "==0.6.1"
        },
        "requests-toolbelt": {
            "hashes": [
                "sha256:cc4e9c0ef810d6dfd165ca680330b65a4cf8a3f08f5f08ecd50a0253a08e541f",
                "sha256:f19762fc818a71444198abdf5d6bd4cade5f154d3b0df3e59010c430d3ab6fa8"
            ],
            "index": "pypi",
            "version": "==0.6.0"
        },
        "rocketchat-api": {
            "hashes": [
                "sha256:db43267277331b6a21177d161d3e9831e181bc9c65b81b891956afaa5fa0d142",
                "sha256:e6fa1ee0b7b26c16345c63cb41a35e9ac02e3d307aa4cfe24b93def8cf983cfe"
            ],
            "index": "pypi",
            "version": "==0.6.22"
        },
        "six": {
            "hashes": [
                "sha256:70e8a77beed4562e7f14fe23a786b54f6296e34344c23bc42f07b15018ff98e9",
                "sha256:832dc0e10feb1aa2c68dcc57dbb658f1c7e65b9b61af69048abc87a2db00a0eb"
            ],
            "version": "==1.11.0"
        },
        "vdirsyncer": {
            "hashes": [
                "sha256:e8b894022beab6f98bde80c919e5fa99cb72698e2327e8d5271c70d39636c8bd"
            ],
            "index": "pypi",
            "version": "==0.10.0"
        },
        "vobject": {
            "hashes": [
                "sha256:0f56cae196303d875682b9648b4bb43ffc769d2f0f800958e0a506af867b1243"
            ],
            "index": "pypi",
            "version": "==0.9.5"
        }
    },
    "develop": {
        "filelock": {
            "hashes": [
                "sha256:86fe6af56ae08ebc9c66d54ba3398c35b98916d0862d782b276a65816ff39392",
                "sha256:97694f181bdf58f213cca0a7cb556dc7bf90e2f8eb9aa3151260adac56701afb"
            ],
            "version": "==3.0.9"
        },
        "pluggy": {
            "hashes": [
                "sha256:6e3836e39f4d36ae72840833db137f7b7d35105079aee6ec4a62d9f80d594dd1",
                "sha256:95eb8364a4708392bae89035f45341871286a333f749c3141c20573d2b3876e1"
            ],
            "version": "==0.7.1"
        },
        "py": {
            "hashes": [
                "sha256:06a30435d058473046be836d3fc4f27167fd84c45b99704f2fb5509ef61f9af1",
                "sha256:50402e9d1c9005d759426988a492e0edaadb7f4e68bcddfea586bc7432d009c6"
            ],
            "version": "==1.6.0"
        },
        "six": {
            "hashes": [
                "sha256:70e8a77beed4562e7f14fe23a786b54f6296e34344c23bc42f07b15018ff98e9",
                "sha256:832dc0e10feb1aa2c68dcc57dbb658f1c7e65b9b61af69048abc87a2db00a0eb"
            ],
            "version": "==1.11.0"
        },
        "toml": {
            "hashes": [
                "sha256:229f81c57791a41d65e399fc06bf0848bab550a9dfd5ed66df18ce5f05e73d5c",
                "sha256:235682dd292d5899d361a811df37e04a8828a5b1da3115886b73cf81ebc9100e"
            ],
            "version": "==0.10.0"
        },
        "tox": {
            "hashes": [
                "sha256:217fb84aecf9792a98f93f07cfcaf014205a76c64e52bd7c2b4135458e6ad2a1",
                "sha256:4baeb3d8ebdcd9f43afce38aa67d06f1165a87d221d5bb21e8b39a0d4880c134"
            ],
            "index": "pypi",
            "version": "==3.5.2"
        },
        "virtualenv": {
            "hashes": [
                "sha256:2ce32cd126117ce2c539f0134eb89de91a8413a29baac49cbab3eb50e2026669",
                "sha256:ca07b4c0b54e14a91af9f34d0919790b016923d157afda5efdde55c96718f752"
            ],
            "version": "==16.0.0"
        }
    }
}
